
Microsoft Visual Studio Solution File, Format Version 12.00
# Visual Studio 15
Project("{FAE04EC0-301F-11D3-BF4B-00C04F79EFBC}") = "lesson11", "lesson11.csproj", "{D9B002D2-25A9-4E97-BCA1-21E6B540330D}"
EndProject
Global
	GlobalSection(SolutionConfigurationPlatforms) = preSolution
		Debug|anycpu = Debug|anycpu
		Release|anycpu = Release|anycpu
	EndGlobalSection
	GlobalSection(ProjectConfigurationPlatforms) = postSolution
		{D9B002D2-25A9-4E97-BCA1-21E6B540330D}.Debug|anycpu.ActiveCfg = Debug|anycpu
		{D9B002D2-25A9-4E97-BCA1-21E6B540330D}.Debug|anycpu.Build.0 = Debug|anycpu
		{D9B002D2-25A9-4E97-BCA1-21E6B540330D}.Release|anycpu.ActiveCfg = Release|anycpu
		{D9B002D2-25A9-4E97-BCA1-21E6B540330D}.Release|anycpu.Build.0 = Release|anycpu
	EndGlobalSection
EndGlobal
